
Microsoft Visual Studio Solution File, Format Version 12.00
# Visual Studio Version 17
VisualStudioVersion = 17.1.32407.343
MinimumVisualStudioVersion = 10.0.40219.1
Project("{FAE04EC0-301F-11D3-BF4B-00C04F79EFBC}") = "aula069", "aula069\aula069.csproj", "{B1189169-3C0F-4A9C-B2D4-70F90B9CFC82}"
EndProject
Global
	GlobalSection(SolutionConfigurationPlatforms) = preSolution
		Debug|Any CPU = Debug|Any CPU
		Release|Any CPU = Release|Any CPU
	EndGlobalSection
	GlobalSection(ProjectConfigurationPlatforms) = postSolution
		{B1189169-3C0F-4A9C-B2D4-70F90B9CFC82}.Debug|Any CPU.ActiveCfg = Debug|Any CPU
		{B1189169-3C0F-4A9C-B2D4-70F90B9CFC82}.Debug|Any CPU.Build.0 = Debug|Any CPU
		{B1189169-3C0F-4A9C-B2D4-70F90B9CFC82}.Release|Any CPU.ActiveCfg = Release|Any CPU
		{B1189169-3C0F-4A9C-B2D4-70F90B9CFC82}.Release|Any CPU.Build.0 = Release|Any CPU
	EndGlobalSection
	GlobalSection(SolutionProperties) = preSolution
		HideSolutionNode = FALSE
	EndGlobalSection
	GlobalSection(ExtensibilityGlobals) = postSolution
		SolutionGuid = {5EB82390-AD7F-4E96-8D08-A09507E306ED}
	EndGlobalSection
EndGlobal
