
Microsoft Visual Studio Solution File, Format Version 12.00
# Visual Studio Version 17
VisualStudioVersion = 17.1.32407.343
MinimumVisualStudioVersion = 10.0.40219.1
Project("{FAE04EC0-301F-11D3-BF4B-00C04F79EFBC}") = "Exercicio 001", "Exercicio 001\Exercicio 001.csproj", "{87FC14BC-BD61-4508-BAA8-09772D7D45F2}"
EndProject
Global
	GlobalSection(SolutionConfigurationPlatforms) = preSolution
		Debug|Any CPU = Debug|Any CPU
		Release|Any CPU = Release|Any CPU
	EndGlobalSection
	GlobalSection(ProjectConfigurationPlatforms) = postSolution
		{87FC14BC-BD61-4508-BAA8-09772D7D45F2}.Debug|Any CPU.ActiveCfg = Debug|Any CPU
		{87FC14BC-BD61-4508-BAA8-09772D7D45F2}.Debug|Any CPU.Build.0 = Debug|Any CPU
		{87FC14BC-BD61-4508-BAA8-09772D7D45F2}.Release|Any CPU.ActiveCfg = Release|Any CPU
		{87FC14BC-BD61-4508-BAA8-09772D7D45F2}.Release|Any CPU.Build.0 = Release|Any CPU
	EndGlobalSection
	GlobalSection(SolutionProperties) = preSolution
		HideSolutionNode = FALSE
	EndGlobalSection
	GlobalSection(ExtensibilityGlobals) = postSolution
		SolutionGuid = {304D44B3-26AA-426C-89B9-26F22BFBACCC}
	EndGlobalSection
EndGlobal
